{
  "name": "changelog",
  "version": "1.0.0",
  "lockfileVersion": 1,
  "requires": true,
  "dependencies": {
    "@apollo/client": {
      "version": "3.0.2",
      "resolved": "https://registry.npmjs.org/@apollo/client/-/client-3.0.2.tgz",
      "integrity": "sha512-4ighan5Anlj4tK/tdUHs4Mi1njqXZ7AxRCVolz/H702DjPphAJfm+FRkIadPTmwz+OLO+d+tX+6V1VBshf02rg==",
      "requires": {
        "@types/zen-observable": "^0.8.0",
        "@wry/context": "^0.5.2",
        "@wry/equality": "^0.1.9",
        "fast-json-stable-stringify": "^2.0.0",
        "graphql-tag": "^2.10.4",
        "hoist-non-react-statics": "^3.3.2",
        "optimism": "^0.12.1",
        "prop-types": "^15.7.2",
        "symbol-observable": "^1.2.0",
        "ts-invariant": "^0.4.4",
        "tslib": "^1.10.0",
        "zen-observable": "^0.8.14"
      }
    },
    "@babel/runtime": {
      "version": "7.16.7",
      "resolved": "https://registry.npmjs.org/@babel/runtime/-/runtime-7.16.7.tgz",
      "integrity": "sha512-9E9FJowqAsytyOY6LG+1KuueckRL+aQW+mKvXRXnuFGyRAyepJPmEo9vgMfXUA6O9u3IeEdv9MAkppFcaQwogQ==",
      "requires": {
        "regenerator-runtime": "^0.13.4"
      }
    },
    "@emotion/hash": {
      "version": "0.8.0",
      "resolved": "https://registry.npmjs.org/@emotion/hash/-/hash-0.8.0.tgz",
      "integrity": "sha512-kBJtf7PH6aWwZ6fka3zQ0p6SBYzx4fl1LoZXE2RrnYST9Xljm7WfKJrU4g/Xr3Beg72MLrp1AWNUmuYJTL7Cow=="
    },
    "@material-ui/core": {
      "version": "4.12.3",
      "resolved": "https://registry.npmjs.org/@material-ui/core/-/core-4.12.3.tgz",
      "integrity": "sha512-sdpgI/PL56QVsEJldwEe4FFaFTLUqN+rd7sSZiRCdx2E/C7z5yK0y/khAWVBH24tXwto7I1hCzNWfJGZIYJKnw==",
      "requires": {
        "@babel/runtime": "^7.4.4",
        "@material-ui/styles": "^4.11.4",
        "@material-ui/system": "^4.12.1",
        "@material-ui/types": "5.1.0",
        "@material-ui/utils": "^4.11.2",
        "@types/react-transition-group": "^4.2.0",
        "clsx": "^1.0.4",
        "hoist-non-react-statics": "^3.3.2",
        "popper.js": "1.16.1-lts",
        "prop-types": "^15.7.2",
        "react-is": "^16.8.0 || ^17.0.0",
        "react-transition-group": "^4.4.0"
      }
    },
    "@material-ui/icons": {
      "version": "4.11.2",
      "resolved": "https://registry.npmjs.org/@material-ui/icons/-/icons-4.11.2.tgz",
      "integrity": "sha512-fQNsKX2TxBmqIGJCSi3tGTO/gZ+eJgWmMJkgDiOfyNaunNaxcklJQFaFogYcFl0qFuaEz1qaXYXboa/bUXVSOQ==",
      "requires": {
        "@babel/runtime": "^7.4.4"
      }
    },
    "@material-ui/lab": {
      "version": "4.0.0-alpha.56",
      "resolved": "https://registry.npmjs.org/@material-ui/lab/-/lab-4.0.0-alpha.56.tgz",
      "integrity": "sha512-xPlkK+z/6y/24ka4gVJgwPfoCF4RCh8dXb1BNE7MtF9bXEBLN/lBxNTK8VAa0qm3V2oinA6xtUIdcRh0aeRtVw==",
      "requires": {
        "@babel/runtime": "^7.4.4",
        "@material-ui/utils": "^4.10.2",
        "clsx": "^1.0.4",
        "prop-types": "^15.7.2",
        "react-is": "^16.8.0"
      },
      "dependencies": {
        "react-is": {
          "version": "16.13.1",
          "resolved": "https://registry.npmjs.org/react-is/-/react-is-16.13.1.tgz",
          "integrity": "sha512-24e6ynE2H+OKt4kqsOvNd8kBpV65zoxbA4BVsEOB3ARVWQki/DHzaUoC5KuON/BiccDaCCTZBuOcfZs70kR8bQ=="
        }
      }
    },
    "@material-ui/styles": {
      "version": "4.11.4",
      "resolved": "https://registry.npmjs.org/@material-ui/styles/-/styles-4.11.4.tgz",
      "integrity": "sha512-KNTIZcnj/zprG5LW0Sao7zw+yG3O35pviHzejMdcSGCdWbiO8qzRgOYL8JAxAsWBKOKYwVZxXtHWaB5T2Kvxew==",
      "requires": {
        "@babel/runtime": "^7.4.4",
        "@emotion/hash": "^0.8.0",
        "@material-ui/types": "5.1.0",
        "@material-ui/utils": "^4.11.2",
        "clsx": "^1.0.4",
        "csstype": "^2.5.2",
        "hoist-non-react-statics": "^3.3.2",
        "jss": "^10.5.1",
        "jss-plugin-camel-case": "^10.5.1",
        "jss-plugin-default-unit": "^10.5.1",
        "jss-plugin-global": "^10.5.1",
        "jss-plugin-nested": "^10.5.1",
        "jss-plugin-props-sort": "^10.5.1",
        "jss-plugin-rule-value-function": "^10.5.1",
        "jss-plugin-vendor-prefixer": "^10.5.1",
        "prop-types": "^15.7.2"
      }
    },
    "@material-ui/system": {
      "version": "4.12.1",
      "resolved": "https://registry.npmjs.org/@material-ui/system/-/system-4.12.1.tgz",
      "integrity": "sha512-lUdzs4q9kEXZGhbN7BptyiS1rLNHe6kG9o8Y307HCvF4sQxbCgpL2qi+gUk+yI8a2DNk48gISEQxoxpgph0xIw==",
      "requires": {
        "@babel/runtime": "^7.4.4",
        "@material-ui/utils": "^4.11.2",
        "csstype": "^2.5.2",
        "prop-types": "^15.7.2"
      }
    },
    "@material-ui/types": {
      "version": "5.1.0",
      "resolved": "https://registry.npmjs.org/@material-ui/types/-/types-5.1.0.tgz",
      "integrity": "sha512-7cqRjrY50b8QzRSYyhSpx4WRw2YuO0KKIGQEVk5J8uoz2BanawykgZGoWEqKm7pVIbzFDN0SpPcVV4IhOFkl8A=="
    },
    "@material-ui/utils": {
      "version": "4.11.2",
      "resolved": "https://registry.npmjs.org/@material-ui/utils/-/utils-4.11.2.tgz",
      "integrity": "sha512-Uul8w38u+PICe2Fg2pDKCaIG7kOyhowZ9vjiC1FsVwPABTW8vPPKfF6OvxRq3IiBaI1faOJmgdvMG7rMJARBhA==",
      "requires": {
        "@babel/runtime": "^7.4.4",
        "prop-types": "^15.7.2",
        "react-is": "^16.8.0 || ^17.0.0"
      }
    },
    "@types/prop-types": {
      "version": "15.7.4",
      "resolved": "https://registry.npmjs.org/@types/prop-types/-/prop-types-15.7.4.tgz",
      "integrity": "sha512-rZ5drC/jWjrArrS8BR6SIr4cWpW09RNTYt9AMZo3Jwwif+iacXAqgVjm0B0Bv/S1jhDXKHqRVNCbACkJ89RAnQ=="
    },
    "@types/react": {
      "version": "17.0.38",
      "resolved": "https://registry.npmjs.org/@types/react/-/react-17.0.38.tgz",
      "integrity": "sha512-SI92X1IA+FMnP3qM5m4QReluXzhcmovhZnLNm3pyeQlooi02qI7sLiepEYqT678uNiyc25XfCqxREFpy3W7YhQ==",
      "requires": {
        "@types/prop-types": "*",
        "@types/scheduler": "*",
        "csstype": "^3.0.2"
      },
      "dependencies": {
        "csstype": {
          "version": "3.0.10",
          "resolved": "https://registry.npmjs.org/csstype/-/csstype-3.0.10.tgz",
          "integrity": "sha512-2u44ZG2OcNUO9HDp/Jl8C07x6pU/eTR3ncV91SiK3dhG9TWvRVsCoJw14Ckx5DgWkzGA3waZWO3d7pgqpUI/XA=="
        }
      }
    },
    "@types/react-transition-group": {
      "version": "4.4.4",
      "resolved": "https://registry.npmjs.org/@types/react-transition-group/-/react-transition-group-4.4.4.tgz",
      "integrity": "sha512-7gAPz7anVK5xzbeQW9wFBDg7G++aPLAFY0QaSMOou9rJZpbuI58WAuJrgu+qR92l61grlnCUe7AFX8KGahAgug==",
      "requires": {
        "@types/react": "*"
      }
    },
    "@types/scheduler": {
      "version": "0.16.2",
      "resolved": "https://registry.npmjs.org/@types/scheduler/-/scheduler-0.16.2.tgz",
      "integrity": "sha512-hppQEBDmlwhFAXKJX2KnWLYu5yMfi91yazPb2l+lbJiwW+wdo1gNeRA+3RgNSO39WYX2euey41KEwnqesU2Jew=="
    },
    "@types/zen-observable": {
      "version": "0.8.3",
      "resolved": "https://registry.npmjs.org/@types/zen-observable/-/zen-observable-0.8.3.tgz",
      "integrity": "sha512-fbF6oTd4sGGy0xjHPKAt+eS2CrxJ3+6gQ3FGcBoIJR2TLAyCkCyI8JqZNy+FeON0AhVgNJoUumVoZQjBFUqHkw=="
    },
    "@wry/context": {
      "version": "0.5.4",
      "resolved": "https://registry.npmjs.org/@wry/context/-/context-0.5.4.tgz",
      "integrity": "sha512-/pktJKHUXDr4D6TJqWgudOPJW2Z+Nb+bqk40jufA3uTkLbnCRKdJPiYDIa/c7mfcPH8Hr6O8zjCERpg5Sq04Zg==",
      "requires": {
        "tslib": "^1.14.1"
      }
    },
    "@wry/equality": {
      "version": "0.1.11",
      "resolved": "https://registry.npmjs.org/@wry/equality/-/equality-0.1.11.tgz",
      "integrity": "sha512-mwEVBDUVODlsQQ5dfuLUS5/Tf7jqUKyhKYHmVi4fPB6bDMOfWvUPJmKgS1Z7Za/sOI3vzWt4+O7yCiL/70MogA==",
      "requires": {
        "tslib": "^1.9.3"
      }
    },
    "async-limiter": {
      "version": "1.0.1",
      "resolved": "https://registry.npmjs.org/async-limiter/-/async-limiter-1.0.1.tgz",
      "integrity": "sha512-csOlWGAcRFJaI6m+F2WKdnMKr4HhdhFVBk0H/QbJFMCr+uO2kwohwXQPxw/9OCxp05r5ghVBFSyioixx3gfkNQ=="
    },
    "backo2": {
      "version": "1.0.2",
      "resolved": "https://registry.npmjs.org/backo2/-/backo2-1.0.2.tgz",
      "integrity": "sha1-MasayLEpNjRj41s+u2n038+6eUc="
    },
    "clsx": {
      "version": "1.1.1",
      "resolved": "https://registry.npmjs.org/clsx/-/clsx-1.1.1.tgz",
      "integrity": "sha512-6/bPho624p3S2pMyvP5kKBPXnI3ufHLObBFCfgx+LkeR5lg2XYy2hqZqUf45ypD8COn2bhgGJSUE+l5dhNBieA=="
    },
    "css-vendor": {
      "version": "2.0.8",
      "resolved": "https://registry.npmjs.org/css-vendor/-/css-vendor-2.0.8.tgz",
      "integrity": "sha512-x9Aq0XTInxrkuFeHKbYC7zWY8ai7qJ04Kxd9MnvbC1uO5DagxoHQjm4JvG+vCdXOoFtCjbL2XSZfxmoYa9uQVQ==",
      "requires": {
        "@babel/runtime": "^7.8.3",
        "is-in-browser": "^1.0.2"
      }
    },
    "csstype": {
      "version": "2.6.19",
      "resolved": "https://registry.npmjs.org/csstype/-/csstype-2.6.19.tgz",
      "integrity": "sha512-ZVxXaNy28/k3kJg0Fou5MiYpp88j7H9hLZp8PDC3jV0WFjfH5E9xHb56L0W59cPbKbcHXeP4qyT8PrHp8t6LcQ=="
    },
    "deepmerge": {
      "version": "2.2.1",
      "resolved": "https://registry.npmjs.org/deepmerge/-/deepmerge-2.2.1.tgz",
      "integrity": "sha512-R9hc1Xa/NOBi9WRVUWg19rl1UB7Tt4kuPd+thNJgFZoxXsTz7ncaPaeIm+40oSGuP33DfMb4sZt1QIGiJzC4EA=="
    },
    "dom-helpers": {
      "version": "5.2.1",
      "resolved": "https://registry.npmjs.org/dom-helpers/-/dom-helpers-5.2.1.tgz",
      "integrity": "sha512-nRCa7CK3VTrM2NmGkIy4cbK7IZlgBE/PYMn55rrXefr5xXDP0LdtfPnblFDoVdcAfslJ7or6iqAUnx0CCGIWQA==",
      "requires": {
        "@babel/runtime": "^7.8.7",
        "csstype": "^3.0.2"
      },
      "dependencies": {
        "csstype": {
          "version": "3.0.10",
          "resolved": "https://registry.npmjs.org/csstype/-/csstype-3.0.10.tgz",
          "integrity": "sha512-2u44ZG2OcNUO9HDp/Jl8C07x6pU/eTR3ncV91SiK3dhG9TWvRVsCoJw14Ckx5DgWkzGA3waZWO3d7pgqpUI/XA=="
        }
      }
    },
    "eventemitter3": {
      "version": "2.0.3",
      "resolved": "https://registry.npmjs.org/eventemitter3/-/eventemitter3-2.0.3.tgz",
      "integrity": "sha1-teEHm1n7XhuidxwKmTvgYKWMmbo="
    },
    "fast-json-stable-stringify": {
      "version": "2.1.0",
      "resolved": "https://registry.npmjs.org/fast-json-stable-stringify/-/fast-json-stable-stringify-2.1.0.tgz",
      "integrity": "sha512-lhd/wF+Lk98HZoTCtlVraHtfh5XYijIjalXck7saUtuanSDyLMxnHhSXEDJqHxD7msR8D0uCmqlkwjCV8xvwHw=="
    },
    "formik": {
      "version": "2.2.6",
      "resolved": "https://registry.npmjs.org/formik/-/formik-2.2.6.tgz",
      "integrity": "sha512-Kxk2zQRafy56zhLmrzcbryUpMBvT0tal5IvcifK5+4YNGelKsnrODFJ0sZQRMQboblWNym4lAW3bt+tf2vApSA==",
      "requires": {
        "deepmerge": "^2.1.1",
        "hoist-non-react-statics": "^3.3.0",
        "lodash": "^4.17.14",
        "lodash-es": "^4.17.14",
        "react-fast-compare": "^2.0.1",
        "tiny-warning": "^1.0.2",
        "tslib": "^1.10.0"
      }
    },
    "graphql": {
      "version": "15.3.0",
      "resolved": "https://registry.npmjs.org/graphql/-/graphql-15.3.0.tgz",
      "integrity": "sha512-GTCJtzJmkFLWRfFJuoo9RWWa/FfamUHgiFosxi/X1Ani4AVWbeyBenZTNX6dM+7WSbbFfTo/25eh0LLkwHMw2w=="
    },
    "graphql-tag": {
      "version": "2.12.6",
      "resolved": "https://registry.npmjs.org/graphql-tag/-/graphql-tag-2.12.6.tgz",
      "integrity": "sha512-FdSNcu2QQcWnM2VNvSCCDCVS5PpPqpzgFT8+GXzqJuoDd0CBncxCY278u4mhRO7tMgo2JjgJA5aZ+nWSQ/Z+xg==",
      "requires": {
        "tslib": "^2.1.0"
      },
      "dependencies": {
        "tslib": {
          "version": "2.3.1",
          "resolved": "https://registry.npmjs.org/tslib/-/tslib-2.3.1.tgz",
          "integrity": "sha512-77EbyPPpMz+FRFRuAFlWMtmgUWGe9UOG2Z25NqCwiIjRhOf5iKGuzSe5P2w1laq+FkRy4p+PCuVkJSGkzTEKVw=="
        }
      }
    },
    "hoist-non-react-statics": {
      "version": "3.3.2",
      "resolved": "https://registry.npmjs.org/hoist-non-react-statics/-/hoist-non-react-statics-3.3.2.tgz",
      "integrity": "sha512-/gGivxi8JPKWNm/W0jSmzcMPpfpPLc3dY/6GxhX2hQ9iGj3aDfklV4ET7NjKpSinLpJ5vafa9iiGIEZg10SfBw==",
      "requires": {
        "react-is": "^16.7.0"
      },
      "dependencies": {
        "react-is": {
          "version": "16.13.1",
          "resolved": "https://registry.npmjs.org/react-is/-/react-is-16.13.1.tgz",
          "integrity": "sha512-24e6ynE2H+OKt4kqsOvNd8kBpV65zoxbA4BVsEOB3ARVWQki/DHzaUoC5KuON/BiccDaCCTZBuOcfZs70kR8bQ=="
        }
      }
    },
    "hyphenate-style-name": {
      "version": "1.0.4",
      "resolved": "https://registry.npmjs.org/hyphenate-style-name/-/hyphenate-style-name-1.0.4.tgz",
      "integrity": "sha512-ygGZLjmXfPHj+ZWh6LwbC37l43MhfztxetbFCoYTM2VjkIUpeHgSNn7QIyVFj7YQ1Wl9Cbw5sholVJPzWvC2MQ=="
    },
    "is-in-browser": {
      "version": "1.1.3",
      "resolved": "https://registry.npmjs.org/is-in-browser/-/is-in-browser-1.1.3.tgz",
      "integrity": "sha1-Vv9NtoOgeMYILrldrX3GLh0E+DU="
    },
    "iterall": {
      "version": "1.3.0",
      "resolved": "https://registry.npmjs.org/iterall/-/iterall-1.3.0.tgz",
      "integrity": "sha512-QZ9qOMdF+QLHxy1QIpUHUU1D5pS2CG2P69LF6L6CPjPYA/XMOmKV3PZpawHoAjHNyB0swdVTRxdYT4tbBbxqwg=="
    },
    "js-tokens": {
      "version": "4.0.0",
      "resolved": "https://registry.npmjs.org/js-tokens/-/js-tokens-4.0.0.tgz",
      "integrity": "sha512-RdJUflcE3cUzKiMqQgsCu06FPu9UdIJO0beYbPhHN4k6apgJtifcoCtT9bcxOpYBtpD2kCM6Sbzg4CausW/PKQ=="
    },
    "jss": {
      "version": "10.9.0",
      "resolved": "https://registry.npmjs.org/jss/-/jss-10.9.0.tgz",
      "integrity": "sha512-YpzpreB6kUunQBbrlArlsMpXYyndt9JATbt95tajx0t4MTJJcCJdd4hdNpHmOIDiUJrF/oX5wtVFrS3uofWfGw==",
      "requires": {
        "@babel/runtime": "^7.3.1",
        "csstype": "^3.0.2",
        "is-in-browser": "^1.1.3",
        "tiny-warning": "^1.0.2"
      },
      "dependencies": {
        "csstype": {
          "version": "3.0.10",
          "resolved": "https://registry.npmjs.org/csstype/-/csstype-3.0.10.tgz",
          "integrity": "sha512-2u44ZG2OcNUO9HDp/Jl8C07x6pU/eTR3ncV91SiK3dhG9TWvRVsCoJw14Ckx5DgWkzGA3waZWO3d7pgqpUI/XA=="
        }
      }
    },
    "jss-plugin-camel-case": {
      "version": "10.9.0",
      "resolved": "https://registry.npmjs.org/jss-plugin-camel-case/-/jss-plugin-camel-case-10.9.0.tgz",
      "integrity": "sha512-UH6uPpnDk413/r/2Olmw4+y54yEF2lRIV8XIZyuYpgPYTITLlPOsq6XB9qeqv+75SQSg3KLocq5jUBXW8qWWww==",
      "requires": {
        "@babel/runtime": "^7.3.1",
        "hyphenate-style-name": "^1.0.3",
        "jss": "10.9.0"
      }
    },
    "jss-plugin-default-unit": {
      "version": "10.9.0",
      "resolved": "https://registry.npmjs.org/jss-plugin-default-unit/-/jss-plugin-default-unit-10.9.0.tgz",
      "integrity": "sha512-7Ju4Q9wJ/MZPsxfu4T84mzdn7pLHWeqoGd/D8O3eDNNJ93Xc8PxnLmV8s8ZPNRYkLdxZqKtm1nPQ0BM4JRlq2w==",
      "requires": {
        "@babel/runtime": "^7.3.1",
        "jss": "10.9.0"
      }
    },
    "jss-plugin-global": {
      "version": "10.9.0",
      "resolved": "https://registry.npmjs.org/jss-plugin-global/-/jss-plugin-global-10.9.0.tgz",
      "integrity": "sha512-4G8PHNJ0x6nwAFsEzcuVDiBlyMsj2y3VjmFAx/uHk/R/gzJV+yRHICjT4MKGGu1cJq2hfowFWCyrr/Gg37FbgQ==",
      "requires": {
        "@babel/runtime": "^7.3.1",
        "jss": "10.9.0"
      }
    },
    "jss-plugin-nested": {
      "version": "10.9.0",
      "resolved": "https://registry.npmjs.org/jss-plugin-nested/-/jss-plugin-nested-10.9.0.tgz",
      "integrity": "sha512-2UJnDrfCZpMYcpPYR16oZB7VAC6b/1QLsRiAutOt7wJaaqwCBvNsosLEu/fUyKNQNGdvg2PPJFDO5AX7dwxtoA==",
      "requires": {
        "@babel/runtime": "^7.3.1",
        "jss": "10.9.0",
        "tiny-warning": "^1.0.2"
      }
    },
    "jss-plugin-props-sort": {
      "version": "10.9.0",
      "resolved": "https://registry.npmjs.org/jss-plugin-props-sort/-/jss-plugin-props-sort-10.9.0.tgz",
      "integrity": "sha512-7A76HI8bzwqrsMOJTWKx/uD5v+U8piLnp5bvru7g/3ZEQOu1+PjHvv7bFdNO3DwNPC9oM0a//KwIJsIcDCjDzw==",
      "requires": {
        "@babel/runtime": "^7.3.1",
        "jss": "10.9.0"
      }
    },
    "jss-plugin-rule-value-function": {
      "version": "10.9.0",
      "resolved": "https://registry.npmjs.org/jss-plugin-rule-value-function/-/jss-plugin-rule-value-function-10.9.0.tgz",
      "integrity": "sha512-IHJv6YrEf8pRzkY207cPmdbBstBaE+z8pazhPShfz0tZSDtRdQua5jjg6NMz3IbTasVx9FdnmptxPqSWL5tyJg==",
      "requires": {
        "@babel/runtime": "^7.3.1",
        "jss": "10.9.0",
        "tiny-warning": "^1.0.2"
      }
    },
    "jss-plugin-vendor-prefixer": {
      "version": "10.9.0",
      "resolved": "https://registry.npmjs.org/jss-plugin-vendor-prefixer/-/jss-plugin-vendor-prefixer-10.9.0.tgz",
      "integrity": "sha512-MbvsaXP7iiVdYVSEoi+blrW+AYnTDvHTW6I6zqi7JcwXdc6I9Kbm234nEblayhF38EftoenbM+5218pidmC5gA==",
      "requires": {
        "@babel/runtime": "^7.3.1",
        "css-vendor": "^2.0.8",
        "jss": "10.9.0"
      }
    },
    "lodash": {
      "version": "4.17.21",
      "resolved": "https://registry.npmjs.org/lodash/-/lodash-4.17.21.tgz",
      "integrity": "sha512-v2kDEe57lecTulaDIuNTPy3Ry4gLGJ6Z1O3vE1krgXZNrsQ+LFTGHVxVjcXPs17LhbZVGedAJv8XZ1tvj5FvSg=="
    },
    "lodash-es": {
      "version": "4.17.21",
      "resolved": "https://registry.npmjs.org/lodash-es/-/lodash-es-4.17.21.tgz",
      "integrity": "sha512-mKnC+QJ9pWVzv+C4/U3rRsHapFfHvQFoFB92e52xeyGMcX6/OlIl78je1u8vePzYZSkkogMPJ2yjxxsb89cxyw=="
    },
    "lodash.assign": {
      "version": "4.2.0",
      "resolved": "https://registry.npmjs.org/lodash.assign/-/lodash.assign-4.2.0.tgz",
      "integrity": "sha1-DZnzzNem0mHRm9rrkkUAXShYCOc="
    },
    "lodash.isobject": {
      "version": "3.0.2",
      "resolved": "https://registry.npmjs.org/lodash.isobject/-/lodash.isobject-3.0.2.tgz",
      "integrity": "sha1-PI+41bW/S/kK4G4U8qUwpO2TXh0="
    },
    "lodash.isstring": {
      "version": "4.0.1",
      "resolved": "https://registry.npmjs.org/lodash.isstring/-/lodash.isstring-4.0.1.tgz",
      "integrity": "sha1-1SfftUVuynzJu5XV2ur4i6VKVFE="
    },
    "loose-envify": {
      "version": "1.4.0",
      "resolved": "https://registry.npmjs.org/loose-envify/-/loose-envify-1.4.0.tgz",
      "integrity": "sha512-lyuxPGr/Wfhrlem2CL/UcnUc1zcqKAImBDzukY7Y5F/yQiNdko6+fRLevlw1HgMySw7f611UIY408EtxRSoK3Q==",
      "requires": {
        "js-tokens": "^3.0.0 || ^4.0.0"
      }
    },
    "notistack": {
      "version": "1.0.0",
      "resolved": "https://registry.npmjs.org/notistack/-/notistack-1.0.0.tgz",
      "integrity": "sha512-kIGwVy8qs2hpcDegLhjTQMlGkJvr7OVUg6mnOcjqwKOCZhCnkMt5h53kP9bPRKQQ3UckCzhkvuEPbyMbyYyRNQ==",
      "requires": {
        "clsx": "^1.1.0",
        "hoist-non-react-statics": "^3.3.0"
      }
    },
    "object-assign": {
      "version": "4.1.1",
      "resolved": "https://registry.npmjs.org/object-assign/-/object-assign-4.1.1.tgz",
      "integrity": "sha1-IQmtx5ZYh8/AXLvUQsrIv7s2CGM="
    },
    "optimism": {
      "version": "0.12.2",
      "resolved": "https://registry.npmjs.org/optimism/-/optimism-0.12.2.tgz",
      "integrity": "sha512-k7hFhlmfLl6HNThIuuvYMQodC1c+q6Uc6V9cLVsMWyW514QuaxVJH/khPu2vLRIoDTpFdJ5sojlARhg1rzyGbg==",
      "requires": {
        "@wry/context": "^0.5.2"
      }
    },
    "popper.js": {
      "version": "1.16.1-lts",
      "resolved": "https://registry.npmjs.org/popper.js/-/popper.js-1.16.1-lts.tgz",
      "integrity": "sha512-Kjw8nKRl1m+VrSFCoVGPph93W/qrSO7ZkqPpTf7F4bk/sqcfWK019dWBUpE/fBOsOQY1dks/Bmcbfn1heM/IsA=="
    },
    "prop-types": {
      "version": "15.8.1",
      "resolved": "https://registry.npmjs.org/prop-types/-/prop-types-15.8.1.tgz",
      "integrity": "sha512-oj87CgZICdulUohogVAR7AjlC0327U4el4L6eAvOqCeudMDVU0NThNaV+b9Df4dXgSP1gXMTnPdhfe/2qDH5cg==",
      "requires": {
        "loose-envify": "^1.4.0",
        "object-assign": "^4.1.1",
        "react-is": "^16.13.1"
      },
      "dependencies": {
        "react-is": {
          "version": "16.13.1",
          "resolved": "https://registry.npmjs.org/react-is/-/react-is-16.13.1.tgz",
          "integrity": "sha512-24e6ynE2H+OKt4kqsOvNd8kBpV65zoxbA4BVsEOB3ARVWQki/DHzaUoC5KuON/BiccDaCCTZBuOcfZs70kR8bQ=="
        }
      }
    },
    "react": {
      "version": "16.8.0",
      "resolved": "https://registry.npmjs.org/react/-/react-16.8.0.tgz",
      "integrity": "sha512-g+nikW2D48kqgWSPwNo0NH9tIGG3DsQFlrtrQ1kj6W77z5ahyIHG0w8kPpz4Sdj6gyLnz0lEd/xsjOoGge2MYQ==",
      "requires": {
        "loose-envify": "^1.1.0",
        "object-assign": "^4.1.1",
        "prop-types": "^15.6.2",
        "scheduler": "^0.13.0"
      }
    },
    "react-dom": {
      "version": "16.8.0",
      "resolved": "https://registry.npmjs.org/react-dom/-/react-dom-16.8.0.tgz",
      "integrity": "sha512-dBzoAGYZpW9Yggp+CzBPC7q1HmWSeRc93DWrwbskmG1eHJWznZB/p0l/Sm+69leIGUS91AXPB/qB3WcPnKx8Sw==",
      "requires": {
        "loose-envify": "^1.1.0",
        "object-assign": "^4.1.1",
        "prop-types": "^15.6.2",
        "scheduler": "^0.13.0"
      }
    },
    "react-fast-compare": {
      "version": "2.0.4",
      "resolved": "https://registry.npmjs.org/react-fast-compare/-/react-fast-compare-2.0.4.tgz",
      "integrity": "sha512-suNP+J1VU1MWFKcyt7RtjiSWUjvidmQSlqu+eHslq+342xCbGTYmC0mEhPCOHxlW0CywylOC1u2DFAT+bv4dBw=="
    },
    "react-is": {
      "version": "17.0.2",
      "resolved": "https://registry.npmjs.org/react-is/-/react-is-17.0.2.tgz",
      "integrity": "sha512-w2GsyukL62IJnlaff/nRegPQR94C/XXamvMWmSHRJ4y7Ts/4ocGRmTHvOs8PSE6pB3dWOrD/nueuU5sduBsQ4w=="
    },
    "react-transition-group": {
      "version": "4.4.2",
      "resolved": "https://registry.npmjs.org/react-transition-group/-/react-transition-group-4.4.2.tgz",
      "integrity": "sha512-/RNYfRAMlZwDSr6z4zNKV6xu53/e2BuaBbGhbyYIXTrmgu/bGHzmqOs7mJSJBHy9Ud+ApHx3QjrkKSp1pxvlFg==",
      "requires": {
        "@babel/runtime": "^7.5.5",
        "dom-helpers": "^5.0.1",
        "loose-envify": "^1.4.0",
        "prop-types": "^15.6.2"
      }
    },
    "regenerator-runtime": {
      "version": "0.13.9",
      "resolved": "https://registry.npmjs.org/regenerator-runtime/-/regenerator-runtime-0.13.9.tgz",
      "integrity": "sha512-p3VT+cOEgxFsRRA9X4lkI1E+k2/CtnKtU4gcxyaCUreilL/vqI6CdZ3wxVUx3UOUg+gnUOQQcRI7BmSI656MYA=="
    },
    "safe-buffer": {
      "version": "5.1.2",
      "resolved": "https://registry.npmjs.org/safe-buffer/-/safe-buffer-5.1.2.tgz",
      "integrity": "sha512-Gd2UZBJDkXlY7GbJxfsE8/nvKkUEU1G38c1siN6QP6a9PT9MmHB8GnpscSmMJSoF8LOIrt8ud/wPtojys4G6+g=="
    },
    "scheduler": {
      "version": "0.13.6",
      "resolved": "https://registry.npmjs.org/scheduler/-/scheduler-0.13.6.tgz",
      "integrity": "sha512-IWnObHt413ucAYKsD9J1QShUKkbKLQQHdxRyw73sw4FN26iWr3DY/H34xGPe4nmL1DwXyWmSWmMrA9TfQbE/XQ==",
      "requires": {
        "loose-envify": "^1.1.0",
        "object-assign": "^4.1.1"
      }
    },
    "subscriptions-transport-ws": {
      "version": "0.9.0",
      "resolved": "https://registry.npmjs.org/subscriptions-transport-ws/-/subscriptions-transport-ws-0.9.0.tgz",
      "integrity": "sha512-4TP6IcZ1/z8AgT4B3Tji8SiLUHD8xzC1yCdzkJWshMYt0UbtYybJtasy/X6GYq9KavmAA60vZRRjfqjqD1tauw==",
      "requires": {
        "backo2": "^1.0.2",
        "eventemitter3": "^2.0.3",
        "iterall": "^1.1.1",
        "lodash.assign": "^4.2.0",
        "lodash.isobject": "^3.0.2",
        "lodash.isstring": "^4.0.1",
        "symbol-observable": "^1.0.4",
        "ws": "^3.0.0"
      }
    },
    "symbol-observable": {
      "version": "1.2.0",
      "resolved": "https://registry.npmjs.org/symbol-observable/-/symbol-observable-1.2.0.tgz",
      "integrity": "sha512-e900nM8RRtGhlV36KGEU9k65K3mPb1WV70OdjfxlG2EAuM1noi/E/BaW/uMhL7bPEssK8QV57vN3esixjUvcXQ=="
    },
    "tiny-warning": {
      "version": "1.0.3",
      "resolved": "https://registry.npmjs.org/tiny-warning/-/tiny-warning-1.0.3.tgz",
      "integrity": "sha512-lBN9zLN/oAf68o3zNXYrdCt1kP8WsiGW8Oo2ka41b2IM5JL/S1CTyX1rW0mb/zSuJun0ZUrDxx4sqvYS2FWzPA=="
    },
    "ts-invariant": {
      "version": "0.4.4",
      "resolved": "https://registry.npmjs.org/ts-invariant/-/ts-invariant-0.4.4.tgz",
      "integrity": "sha512-uEtWkFM/sdZvRNNDL3Ehu4WVpwaulhwQszV8mrtcdeE8nN00BV9mAmQ88RkrBhFgl9gMgvjJLAQcZbnPXI9mlA==",
      "requires": {
        "tslib": "^1.9.3"
      }
    },
    "tslib": {
      "version": "1.14.1",
      "resolved": "https://registry.npmjs.org/tslib/-/tslib-1.14.1.tgz",
      "integrity": "sha512-Xni35NKzjgMrwevysHTCArtLDpPvye8zV/0E4EyYn43P7/7qvQwPh9BGkHewbMulVntbigmcT7rdX3BNo9wRJg=="
    },
    "typescript": {
      "version": "3.9.6",
      "resolved": "https://registry.npmjs.org/typescript/-/typescript-3.9.6.tgz",
      "integrity": "sha512-Pspx3oKAPJtjNwE92YS05HQoY7z2SFyOpHo9MqJor3BXAGNaPUs83CuVp9VISFkSjyRfiTpmKuAYGJB7S7hOxw=="
    },
    "ultron": {
      "version": "1.1.1",
      "resolved": "https://registry.npmjs.org/ultron/-/ultron-1.1.1.tgz",
      "integrity": "sha512-UIEXBNeYmKptWH6z8ZnqTeS8fV74zG0/eRU9VGkpzz+LIJNs8W/zM/L+7ctCkRrgbNnnR0xxw4bKOr0cW0N0Og=="
    },
    "ws": {
      "version": "3.3.3",
      "resolved": "https://registry.npmjs.org/ws/-/ws-3.3.3.tgz",
      "integrity": "sha512-nnWLa/NwZSt4KQJu51MYlCcSQ5g7INpOrOMt4XV8j4dqTXdmlUmSHQ8/oLC069ckre0fRsgfvsKwbTdtKLCDkA==",
      "requires": {
        "async-limiter": "~1.0.0",
        "safe-buffer": "~5.1.0",
        "ultron": "~1.1.0"
      }
    },
    "zen-observable": {
      "version": "0.8.15",
      "resolved": "https://registry.npmjs.org/zen-observable/-/zen-observable-0.8.15.tgz",
      "integrity": "sha512-PQ2PC7R9rslx84ndNBZB/Dkv8V8fZEpk83RLgXtYd0fwUgEjseMn1Dgajh2x6S8QbZAFa9p2qVCEuYZNgve0dQ=="
    }
  }
}
